
Microsoft Visual Studio Solution File, Format Version 12.00
# Visual Studio Version 17
VisualStudioVersion = 17.8.34511.84
MinimumVisualStudioVersion = 10.0.40219.1
Project("{FAE04EC0-301F-11D3-BF4B-00C04F79EFBC}") = "OOPSconcepts", "OOPSconcepts\OOPSconcepts.csproj", "{8F5A21AE-119C-4EFB-9A09-ED0FEEE8C277}"
EndProject
Global
	GlobalSection(SolutionConfigurationPlatforms) = preSolution
		Debug|Any CPU = Debug|Any CPU
		Release|Any CPU = Release|Any CPU
	EndGlobalSection
	GlobalSection(ProjectConfigurationPlatforms) = postSolution
		{8F5A21AE-119C-4EFB-9A09-ED0FEEE8C277}.Debug|Any CPU.ActiveCfg = Debug|Any CPU
		{8F5A21AE-119C-4EFB-9A09-ED0FEEE8C277}.Debug|Any CPU.Build.0 = Debug|Any CPU
		{8F5A21AE-119C-4EFB-9A09-ED0FEEE8C277}.Release|Any CPU.ActiveCfg = Release|Any CPU
		{8F5A21AE-119C-4EFB-9A09-ED0FEEE8C277}.Release|Any CPU.Build.0 = Release|Any CPU
	EndGlobalSection
	GlobalSection(SolutionProperties) = preSolution
		HideSolutionNode = FALSE
	EndGlobalSection
	GlobalSection(ExtensibilityGlobals) = postSolution
		SolutionGuid = {A7B6F51A-0C81-456E-B10F-C6A9ADC434BB}
	EndGlobalSection
EndGlobal
